{
  "name": "schematium",
  "version": "0.1.0",
  "lockfileVersion": 3,
  "requires": true,
  "packages": {
    "": {
      "name": "schematium",
      "version": "0.1.0",
      "license": "MIT",
      "devDependencies": {
        "@types/node": "^22.10.0",
        "unitium": "^0.8.4"
      },
      "engines": {
        "node": ">=22.6.0"
      }
    },
    "node_modules/@types/node": {
      "version": "22.20.0",
      "resolved": "https://registry.npmjs.org/@types/node/-/node-22.20.0.tgz",
      "integrity": "sha512-QWlFW2wf3nTjC13/DqRnBpR4ZO36VJH/JVBkA/vcnmbTBNQIlnObqyqZE1tUR7+Ni23Lda8R1BxMfbXRpCUx5g==",
      "dev": true,
      "license": "MIT",
      "dependencies": {
        "undici-types": "~6.21.0"
      }
    },
    "node_modules/deferium": {
      "version": "0.1.1",
      "resolved": "https://registry.npmjs.org/deferium/-/deferium-0.1.1.tgz",
      "integrity": "sha512-nx1hmOlPQibX+X6bmuqOIqtL0VQNJY0ez8jDc7qCdtmeHCwImYEZkczFwkZ4IdoH0dHTMh9w5Bv45beNwdAk0A==",
      "dev": true,
      "license": "MIT",
      "dependencies": {
        "fusium-js": "^0.0.13"
      }
    },
    "node_modules/fusium-js": {
      "version": "0.0.13",
      "resolved": "https://registry.npmjs.org/fusium-js/-/fusium-js-0.0.13.tgz",
      "integrity": "sha512-addA/J3/zShnuvdFqjqZORpgwlgEiMMdMrhLlsTi4PZrrUcAFp4cm/sNCli272QRFrx/yw+4axZecwIFX8G50w==",
      "dev": true,
      "license": "MIT"
    },
    "node_modules/ignore": {
      "version": "7.0.5",
      "resolved": "https://registry.npmjs.org/ignore/-/ignore-7.0.5.tgz",
      "integrity": "sha512-Hs59xBNfUIunMFgWAbGX5cq6893IbWg4KnrjbYwX3tx0ztorVgTDA6B2sxf8ejHJ4wz8BqGUMYlnzNBer5NvGg==",
      "dev": true,
      "license": "MIT",
      "engines": {
        "node": ">= 4"
      }
    },
    "node_modules/undici-types": {
      "version": "6.21.0",
      "resolved": "https://registry.npmjs.org/undici-types/-/undici-types-6.21.0.tgz",
      "integrity": "sha512-iwDZqg0QAGrg9Rav5H4n0M64c3mkR59cJ6wQp+7C4nI0gsmExaedaYLNO44eT4AtBBwjbTiGPMlt2Md0T9H9JQ==",
      "dev": true,
      "license": "MIT"
    },
    "node_modules/unitium": {
      "version": "0.8.4",
      "resolved": "https://registry.npmjs.org/unitium/-/unitium-0.8.4.tgz",
      "integrity": "sha512-e5g/ujTYiImEHgekhb6LPlkNcKlzoSsGBakM0YyWXG9DGEEx777eIWJZco9Uf69yuuCTycdDnVrOe5SCGUiuaw==",
      "dev": true,
      "license": "MIT",
      "dependencies": {
        "deferium": "^0.1.1",
        "ignore": "^7.0.5"
      },
      "bin": {
        "unitium": "environments/cli/node/exec.js",
        "unitium-ts-node": "environments/cli/node/exec-ts-node.js",
        "unitium-tsx": "environments/cli/node/exec-tsx.js"
      },
      "engines": {
        "node": ">=22.18"
      }
    }
  }
}
